// !$*UTF8*$!
{
	archiveVersion = 1;
	classes = {
	};
	objectVersion = 56;
	objects = {

/* Begin PBXBuildFile section */
		4DAC2DA4294F859B009EC0AA /* TapSudokuApp.swift in Sources */ = {isa = PBXBuildFile; fileRef = 4DAC2DA3294F859B009EC0AA /* TapSudokuApp.swift */; };
		4DAC2DA6294F859B009EC0AA /* ContentView.swift in Sources */ = {isa = PBXBuildFile; fileRef = 4DAC2DA5294F859B009EC0AA /* ContentView.swift */; };
		4DAC2DA8294F859B009EC0AA /* Assets.xcassets in Resources */ = {isa = PBXBuildFile; fileRef = 4DAC2DA7294F859B009EC0AA /* Assets.xcassets */; };
		4DAC2DAB294F859B009EC0AA /* Preview Assets.xcassets in Resources */ = {isa = PBXBuildFile; fileRef = 4DAC2DAA294F859B009EC0AA /* Preview Assets.xcassets */; };
		4DAC2DB5294F859B009EC0AA /* TapSudokuTests.swift in Sources */ = {isa = PBXBuildFile; fileRef = 4DAC2DB4294F859B009EC0AA /* TapSudokuTests.swift */; };
		4DAC2DBF294F859C009EC0AA /* TapSudokuUITests.swift in Sources */ = {isa = PBXBuildFile; fileRef = 4DAC2DBE294F859C009EC0AA /* TapSudokuUITests.swift */; };
		4DAC2DC1294F859C009EC0AA /* TapSudokuUITestsLaunchTests.swift in Sources */ = {isa = PBXBuildFile; fileRef = 4DAC2DC0294F859C009EC0AA /* TapSudokuUITestsLaunchTests.swift */; };
		4DAC2DCE294F8643009EC0AA /* Board.swift in Sources */ = {isa = PBXBuildFile; fileRef = 4DAC2DCD294F8643009EC0AA /* Board.swift */; };
		4DAC2DD0294F8C61009EC0AA /* Color-Cells.swift in Sources */ = {isa = PBXBuildFile; fileRef = 4DAC2DCF294F8C61009EC0AA /* Color-Cells.swift */; };
		4DAC2DD2294F8DD4009EC0AA /* CellView.swift in Sources */ = {isa = PBXBuildFile; fileRef = 4DAC2DD1294F8DD4009EC0AA /* CellView.swift */; };
/* End PBXBuildFile section */

/* Begin PBXContainerItemProxy section */
		4DAC2DB1294F859B009EC0AA /* PBXContainerItemProxy */ = {
			isa = PBXContainerItemProxy;
			containerPortal = 4DAC2D98294F859B009EC0AA /* Project object */;
			proxyType = 1;
			remoteGlobalIDString = 4DAC2D9F294F859B009EC0AA;
			remoteInfo = TapSudoku;
		};
		4DAC2DBB294F859B009EC0AA /* PBXContainerItemProxy */ = {
			isa = PBXContainerItemProxy;
			containerPortal = 4DAC2D98294F859B009EC0AA /* Project object */;
			proxyType = 1;
			remoteGlobalIDString = 4DAC2D9F294F859B009EC0AA;
			remoteInfo = TapSudoku;
		};
/* End PBXContainerItemProxy section */

/* Begin PBXFileReference section */
		4DAC2DA0294F859B009EC0AA /* TapSudoku.app */ = {isa = PBXFileReference; explicitFileType = wrapper.application; includeInIndex = 0; path = TapSudoku.app; sourceTree = BUILT_PRODUCTS_DIR; };
		4DAC2DA3294F859B009EC0AA /* TapSudokuApp.swift */ = {isa = PBXFileReference; lastKnownFileType = sourcecode.swift; path = TapSudokuApp.swift; sourceTree = "<group>"; };
		4DAC2DA5294F859B009EC0AA /* ContentView.swift */ = {isa = PBXFileReference; lastKnownFileType = sourcecode.swift; path = ContentView.swift; sourceTree = "<group>"; };
		4DAC2DA7294F859B009EC0AA /* Assets.xcassets */ = {isa = PBXFileReference; lastKnownFileType = folder.assetcatalog; path = Assets.xcassets; sourceTree = "<group>"; };
		4DAC2DAA294F859B009EC0AA /* Preview Assets.xcassets */ = {isa = PBXFileReference; lastKnownFileType = folder.assetcatalog; path = "Preview Assets.xcassets"; sourceTree = "<group>"; };
		4DAC2DB0294F859B009EC0AA /* TapSudokuTests.xctest */ = {isa = PBXFileReference; explicitFileType = wrapper.cfbundle; includeInIndex = 0; path = TapSudokuTests.xctest; sourceTree = BUILT_PRODUCTS_DIR; };
		4DAC2DB4294F859B009EC0AA /* TapSudokuTests.swift */ = {isa = PBXFileReference; lastKnownFileType = sourcecode.swift; path = TapSudokuTests.swift; sourceTree = "<group>"; };
		4DAC2DBA294F859B009EC0AA /* TapSudokuUITests.xctest */ = {isa = PBXFileReference; explicitFileType = wrapper.cfbundle; includeInIndex = 0; path = TapSudokuUITests.xctest; sourceTree = BUILT_PRODUCTS_DIR; };
		4DAC2DBE294F859C009EC0AA /* TapSudokuUITests.swift */ = {isa = PBXFileReference; lastKnownFileType = sourcecode.swift; path = TapSudokuUITests.swift; sourceTree = "<group>"; };
		4DAC2DC0294F859C009EC0AA /* TapSudokuUITestsLaunchTests.swift */ = {isa = PBXFileReference; lastKnownFileType = sourcecode.swift; path = TapSudokuUITestsLaunchTests.swift; sourceTree = "<group>"; };
		4DAC2DCD294F8643009EC0AA /* Board.swift */ = {isa = PBXFileReference; lastKnownFileType = sourcecode.swift; path = Board.swift; sourceTree = "<group>"; };
		4DAC2DCF294F8C61009EC0AA /* Color-Cells.swift */ = {isa = PBXFileReference; lastKnownFileType = sourcecode.swift; path = "Color-Cells.swift"; sourceTree = "<group>"; };
		4DAC2DD1294F8DD4009EC0AA /* CellView.swift */ = {isa = PBXFileReference; lastKnownFileType = sourcecode.swift; path = CellView.swift; sourceTree = "<group>"; };
/* End PBXFileReference section */

/* Begin PBXFrameworksBuildPhase section */
		4DAC2D9D294F859B009EC0AA /* Frameworks */ = {
			isa = PBXFrameworksBuildPhase;
			buildActionMask = 2147483647;
			files = (
			);
			runOnlyForDeploymentPostprocessing = 0;
		};
		4DAC2DAD294F859B009EC0AA /* Frameworks */ = {
			isa = PBXFrameworksBuildPhase;
			buildActionMask = 2147483647;
			files = (
			);
			runOnlyForDeploymentPostprocessing = 0;
		};
		4DAC2DB7294F859B009EC0AA /* Frameworks */ = {
			isa = PBXFrameworksBuildPhase;
			buildActionMask = 2147483647;
			files = (
			);
			runOnlyForDeploymentPostprocessing = 0;
		};
/* End PBXFrameworksBuildPhase section */

/* Begin PBXGroup section */
		4DAC2D97294F859B009EC0AA = {
			isa = PBXGroup;
			children = (
				4DAC2DA2294F859B009EC0AA /* TapSudoku */,
				4DAC2DB3294F859B009EC0AA /* TapSudokuTests */,
				4DAC2DBD294F859B009EC0AA /* TapSudokuUITests */,
				4DAC2DA1294F859B009EC0AA /* Products */,
			);
			sourceTree = "<group>";
		};
		4DAC2DA1294F859B009EC0AA /* Products */ = {
			isa = PBXGroup;
			children = (
				4DAC2DA0294F859B009EC0AA /* TapSudoku.app */,
				4DAC2DB0294F859B009EC0AA /* TapSudokuTests.xctest */,
				4DAC2DBA294F859B009EC0AA /* TapSudokuUITests.xctest */,
			);
			name = Products;
			sourceTree = "<group>";
		};
		4DAC2DA2294F859B009EC0AA /* TapSudoku */ = {
			isa = PBXGroup;
			children = (
				4DAC2DA3294F859B009EC0AA /* TapSudokuApp.swift */,
				4DAC2DA5294F859B009EC0AA /* ContentView.swift */,
				4DAC2DCF294F8C61009EC0AA /* Color-Cells.swift */,
				4DAC2DD1294F8DD4009EC0AA /* CellView.swift */,
				4DAC2DA7294F859B009EC0AA /* Assets.xcassets */,
				4DAC2DA9294F859B009EC0AA /* Preview Content */,
				4DAC2DCD294F8643009EC0AA /* Board.swift */,
			);
			path = TapSudoku;
			sourceTree = "<group>";
		};
		4DAC2DA9294F859B009EC0AA /* Preview Content */ = {
			isa = PBXGroup;
			children = (
				4DAC2DAA294F859B009EC0AA /* Preview Assets.xcassets */,
			);
			path = "Preview Content";
			sourceTree = "<group>";
		};
		4DAC2DB3294F859B009EC0AA /* TapSudokuTests */ = {
			isa = PBXGroup;
			children = (
				4DAC2DB4294F859B009EC0AA /* TapSudokuTests.swift */,
			);
			path = TapSudokuTests;
			sourceTree = "<group>";
		};
		4DAC2DBD294F859B009EC0AA /* TapSudokuUITests */ = {
			isa = PBXGroup;
			children = (
				4DAC2DBE294F859C009EC0AA /* TapSudokuUITests.swift */,
				4DAC2DC0294F859C009EC0AA /* TapSudokuUITestsLaunchTests.swift */,
			);
			path = TapSudokuUITests;
			sourceTree = "<group>";
		};
/* End PBXGroup section */

/* Begin PBXNativeTarget section */
		4DAC2D9F294F859B009EC0AA /* TapSudoku */ = {
			isa = PBXNativeTarget;
			buildConfigurationList = 4DAC2DC4294F859C009EC0AA /* Build configuration list for PBXNativeTarget "TapSudoku" */;
			buildPhases = (
				4DAC2D9C294F859B009EC0AA /* Sources */,
				4DAC2D9D294F859B009EC0AA /* Frameworks */,
				4DAC2D9E294F859B009EC0AA /* Resources */,
			);
			buildRules = (
			);
			dependencies = (
			);
			name = TapSudoku;
			productName = TapSudoku;
			productReference = 4DAC2DA0294F859B009EC0AA /* TapSudoku.app */;
			productType = "com.apple.product-type.application";
		};
		4DAC2DAF294F859B009EC0AA /* TapSudokuTests */ = {
			isa = PBXNativeTarget;
			buildConfigurationList = 4DAC2DC7294F859C009EC0AA /* Build configuration list for PBXNativeTarget "TapSudokuTests" */;
			buildPhases = (
				4DAC2DAC294F859B009EC0AA /* Sources */,
				4DAC2DAD294F859B009EC0AA /* Frameworks */,
				4DAC2DAE294F859B009EC0AA /* Resources */,
			);
			buildRules = (
			);
			dependencies = (
				4DAC2DB2294F859B009EC0AA /* PBXTargetDependency */,
			);
			name = TapSudokuTests;
			productName = TapSudokuTests;
			productReference = 4DAC2DB0294F859B009EC0AA /* TapSudokuTests.xctest */;
			productType = "com.apple.product-type.bundle.unit-test";
		};
		4DAC2DB9294F859B009EC0AA /* TapSudokuUITests */ = {
			isa = PBXNativeTarget;
			buildConfigurationList = 4DAC2DCA294F859C009EC0AA /* Build configuration list for PBXNativeTarget "TapSudokuUITests" */;
			buildPhases = (
				4DAC2DB6294F859B009EC0AA /* Sources */,
				4DAC2DB7294F859B009EC0AA /* Frameworks */,
				4DAC2DB8294F859B009EC0AA /* Resources */,
			);
			buildRules = (
			);
			dependencies = (
				4DAC2DBC294F859B009EC0AA /* PBXTargetDependency */,
			);
			name = TapSudokuUITests;
			productName = TapSudokuUITests;
			productReference = 4DAC2DBA294F859B009EC0AA /* TapSudokuUITests.xctest */;
			productType = "com.apple.product-type.bundle.ui-testing";
		};
/* End PBXNativeTarget section */

/* Begin PBXProject section */
		4DAC2D98294F859B009EC0AA /* Project object */ = {
			isa = PBXProject;
			attributes = {
				BuildIndependentTargetsInParallel = 1;
				LastSwiftUpdateCheck = 1420;
				LastUpgradeCheck = 1420;
				TargetAttributes = {
					4DAC2D9F294F859B009EC0AA = {
						CreatedOnToolsVersion = 14.2;
					};
					4DAC2DAF294F859B009EC0AA = {
						CreatedOnToolsVersion = 14.2;
						TestTargetID = 4DAC2D9F294F859B009EC0AA;
					};
					4DAC2DB9294F859B009EC0AA = {
						CreatedOnToolsVersion = 14.2;
						TestTargetID = 4DAC2D9F294F859B009EC0AA;
					};
				};
			};
			buildConfigurationList = 4DAC2D9B294F859B009EC0AA /* Build configuration list for PBXProject "TapSudoku" */;
			compatibilityVersion = "Xcode 14.0";
			developmentRegion = en;
			hasScannedForEncodings = 0;
			knownRegions = (
				en,
				Base,
			);
			mainGroup = 4DAC2D97294F859B009EC0AA;
			productRefGroup = 4DAC2DA1294F859B009EC0AA /* Products */;
			projectDirPath = "";
			projectRoot = "";
			targets = (
				4DAC2D9F294F859B009EC0AA /* TapSudoku */,
				4DAC2DAF294F859B009EC0AA /* TapSudokuTests */,
				4DAC2DB9294F859B009EC0AA /* TapSudokuUITests */,
			);
		};
/* End PBXProject section */

/* Begin PBXResourcesBuildPhase section */
		4DAC2D9E294F859B009EC0AA /* Resources */ = {
			isa = PBXResourcesBuildPhase;
			buildActionMask = 2147483647;
			files = (
				4DAC2DAB294F859B009EC0AA /* Preview Assets.xcassets in Resources */,
				4DAC2DA8294F859B009EC0AA /* Assets.xcassets in Resources */,
			);
			runOnlyForDeploymentPostprocessing = 0;
		};
		4DAC2DAE294F859B009EC0AA /* Resources */ = {
			isa = PBXResourcesBuildPhase;
			buildActionMask = 2147483647;
			files = (
			);
			runOnlyForDeploymentPostprocessing = 0;
		};
		4DAC2DB8294F859B009EC0AA /* Resources */ = {
			isa = PBXResourcesBuildPhase;
			buildActionMask = 2147483647;
			files = (
			);
			runOnlyForDeploymentPostprocessing = 0;
		};
/* End PBXResourcesBuildPhase section */

/* Begin PBXSourcesBuildPhase section */
		4DAC2D9C294F859B009EC0AA /* Sources */ = {
			isa = PBXSourcesBuildPhase;
			buildActionMask = 2147483647;
			files = (
				4DAC2DA6294F859B009EC0AA /* ContentView.swift in Sources */,
				4DAC2DD2294F8DD4009EC0AA /* CellView.swift in Sources */,
				4DAC2DA4294F859B009EC0AA /* TapSudokuApp.swift in Sources */,
				4DAC2DCE294F8643009EC0AA /* Board.swift in Sources */,
				4DAC2DD0294F8C61009EC0AA /* Color-Cells.swift in Sources */,
			);
			runOnlyForDeploymentPostprocessing = 0;
		};
		4DAC2DAC294F859B009EC0AA /* Sources */ = {
			isa = PBXSourcesBuildPhase;
			buildActionMask = 2147483647;
			files = (
				4DAC2DB5294F859B009EC0AA /* TapSudokuTests.swift in Sources */,
			);
			runOnlyForDeploymentPostprocessing = 0;
		};
		4DAC2DB6294F859B009EC0AA /* Sources */ = {
			isa = PBXSourcesBuildPhase;
			buildActionMask = 2147483647;
			files = (
				4DAC2DBF294F859C009EC0AA /* TapSudokuUITests.swift in Sources */,
				4DAC2DC1294F859C009EC0AA /* TapSudokuUITestsLaunchTests.swift in Sources */,
			);
			runOnlyForDeploymentPostprocessing = 0;
		};
/* End PBXSourcesBuildPhase section */

/* Begin PBXTargetDependency section */
		4DAC2DB2294F859B009EC0AA /* PBXTargetDependency */ = {
			isa = PBXTargetDependency;
			target = 4DAC2D9F294F859B009EC0AA /* TapSudoku */;
			targetProxy = 4DAC2DB1294F859B009EC0AA /* PBXContainerItemProxy */;
		};
		4DAC2DBC294F859B009EC0AA /* PBXTargetDependency */ = {
			isa = PBXTargetDependency;
			target = 4DAC2D9F294F859B009EC0AA /* TapSudoku */;
			targetProxy = 4DAC2DBB294F859B009EC0AA /* PBXContainerItemProxy */;
		};
/* End PBXTargetDependency section */

/* Begin XCBuildConfiguration section */
		4DAC2DC2294F859C009EC0AA /* Debug */ = {
			isa = XCBuildConfiguration;
			buildSettings = {
				ALWAYS_SEARCH_USER_PATHS = NO;
				CLANG_ANALYZER_NONNULL = YES;
				CLANG_ANALYZER_NUMBER_OBJECT_CONVERSION = YES_AGGRESSIVE;
				CLANG_CXX_LANGUAGE_STANDARD = "gnu++20";
				CLANG_ENABLE_MODULES = YES;
				CLANG_ENABLE_OBJC_ARC = YES;
				CLANG_ENABLE_OBJC_WEAK = YES;
				CLANG_WARN_BLOCK_CAPTURE_AUTORELEASING = YES;
				CLANG_WARN_BOOL_CONVERSION = YES;
				CLANG_WARN_COMMA = YES;
				CLANG_WARN_CONSTANT_CONVERSION = YES;
				CLANG_WARN_DEPRECATED_OBJC_IMPLEMENTATIONS = YES;
				CLANG_WARN_DIRECT_OBJC_ISA_USAGE = YES_ERROR;
				CLANG_WARN_DOCUMENTATION_COMMENTS = YES;
				CLANG_WARN_EMPTY_BODY = YES;
				CLANG_WARN_ENUM_CONVERSION = YES;
				CLANG_WARN_INFINITE_RECURSION = YES;
				CLANG_WARN_INT_CONVERSION = YES;
				CLANG_WARN_NON_LITERAL_NULL_CONVERSION = YES;
				CLANG_WARN_OBJC_IMPLICIT_RETAIN_SELF = YES;
				CLANG_WARN_OBJC_LITERAL_CONVERSION = YES;
				CLANG_WARN_OBJC_ROOT_CLASS = YES_ERROR;
				CLANG_WARN_QUOTED_INCLUDE_IN_FRAMEWORK_HEADER = YES;
				CLANG_WARN_RANGE_LOOP_ANALYSIS = YES;
				CLANG_WARN_STRICT_PROTOTYPES = YES;
				CLANG_WARN_SUSPICIOUS_MOVE = YES;
				CLANG_WARN_UNGUARDED_AVAILABILITY = YES_AGGRESSIVE;
				CLANG_WARN_UNREACHABLE_CODE = YES;
				CLANG_WARN__DUPLICATE_METHOD_MATCH = YES;
				COPY_PHASE_STRIP = NO;
				DEBUG_INFORMATION_FORMAT = dwarf;
				ENABLE_STRICT_OBJC_MSGSEND = YES;
				ENABLE_TESTABILITY = YES;
				GCC_C_LANGUAGE_STANDARD = gnu11;
				GCC_DYNAMIC_NO_PIC = NO;
				GCC_NO_COMMON_BLOCKS = YES;
				GCC_OPTIMIZATION_LEVEL = 0;
				GCC_PREPROCESSOR_DEFINITIONS = (
					"DEBUG=1",
					"$(inherited)",
				);
				GCC_WARN_64_TO_32_BIT_CONVERSION = YES;
				GCC_WARN_ABOUT_RETURN_TYPE = YES_ERROR;
				GCC_WARN_UNDECLARED_SELECTOR = YES;
				GCC_WARN_UNINITIALIZED_AUTOS = YES_AGGRESSIVE;
				GCC_WARN_UNUSED_FUNCTION = YES;
				GCC_WARN_UNUSED_VARIABLE = YES;
				IPHONEOS_DEPLOYMENT_TARGET = 16.2;
				MTL_ENABLE_DEBUG_INFO = INCLUDE_SOURCE;
				MTL_FAST_MATH = YES;
				ONLY_ACTIVE_ARCH = YES;
				SDKROOT = iphoneos;
				SWIFT_ACTIVE_COMPILATION_CONDITIONS = DEBUG;
				SWIFT_OPTIMIZATION_LEVEL = "-Onone";
			};
			name = Debug;
		};
		4DAC2DC3294F859C009EC0AA /* Release */ = {
			isa = XCBuildConfiguration;
			buildSettings = {
				ALWAYS_SEARCH_USER_PATHS = NO;
				CLANG_ANALYZER_NONNULL = YES;
				CLANG_ANALYZER_NUMBER_OBJECT_CONVERSION = YES_AGGRESSIVE;
				CLANG_CXX_LANGUAGE_STANDARD = "gnu++20";
				CLANG_ENABLE_MODULES = YES;
				CLANG_ENABLE_OBJC_ARC = YES;
				CLANG_ENABLE_OBJC_WEAK = YES;
				CLANG_WARN_BLOCK_CAPTURE_AUTORELEASING = YES;
				CLANG_WARN_BOOL_CONVERSION = YES;
				CLANG_WARN_COMMA = YES;
				CLANG_WARN_CONSTANT_CONVERSION = YES;
				CLANG_WARN_DEPRECATED_OBJC_IMPLEMENTATIONS = YES;
				CLANG_WARN_DIRECT_OBJC_ISA_USAGE = YES_ERROR;
				CLANG_WARN_DOCUMENTATION_COMMENTS = YES;
				CLANG_WARN_EMPTY_BODY = YES;
				CLANG_WARN_ENUM_CONVERSION = YES;
				CLANG_WARN_INFINITE_RECURSION = YES;
				CLANG_WARN_INT_CONVERSION = YES;
				CLANG_WARN_NON_LITERAL_NULL_CONVERSION = YES;
				CLANG_WARN_OBJC_IMPLICIT_RETAIN_SELF = YES;
				CLANG_WARN_OBJC_LITERAL_CONVERSION = YES;
				CLANG_WARN_OBJC_ROOT_CLASS = YES_ERROR;
				CLANG_WARN_QUOTED_INCLUDE_IN_FRAMEWORK_HEADER = YES;
				CLANG_WARN_RANGE_LOOP_ANALYSIS = YES;
				CLANG_WARN_STRICT_PROTOTYPES = YES;
				CLANG_WARN_SUSPICIOUS_MOVE = YES;
				CLANG_WARN_UNGUARDED_AVAILABILITY = YES_AGGRESSIVE;
				CLANG_WARN_UNREACHABLE_CODE = YES;
				CLANG_WARN__DUPLICATE_METHOD_MATCH = YES;
				COPY_PHASE_STRIP = NO;
				DEBUG_INFORMATION_FORMAT = "dwarf-with-dsym";
				ENABLE_NS_ASSERTIONS = NO;
				ENABLE_STRICT_OBJC_MSGSEND = YES;
				GCC_C_LANGUAGE_STANDARD = gnu11;
				GCC_NO_COMMON_BLOCKS = YES;
				GCC_WARN_64_TO_32_BIT_CONVERSION = YES;
				GCC_WARN_ABOUT_RETURN_TYPE = YES_ERROR;
				GCC_WARN_UNDECLARED_SELECTOR = YES;
				GCC_WARN_UNINITIALIZED_AUTOS = YES_AGGRESSIVE;
				GCC_WARN_UNUSED_FUNCTION = YES;
				GCC_WARN_UNUSED_VARIABLE = YES;
				IPHONEOS_DEPLOYMENT_TARGET = 16.2;
				MTL_ENABLE_DEBUG_INFO = NO;
				MTL_FAST_MATH = YES;
				SDKROOT = iphoneos;
				SWIFT_COMPILATION_MODE = wholemodule;
				SWIFT_OPTIMIZATION_LEVEL = "-O";
				VALIDATE_PRODUCT = YES;
			};
			name = Release;
		};
		4DAC2DC5294F859C009EC0AA /* Debug */ = {
			isa = XCBuildConfiguration;
			buildSettings = {
				ASSETCATALOG_COMPILER_APPICON_NAME = AppIcon;
				ASSETCATALOG_COMPILER_GLOBAL_ACCENT_COLOR_NAME = AccentColor;
				CODE_SIGN_STYLE = Automatic;
				CURRENT_PROJECT_VERSION = 1;
				DEVELOPMENT_ASSET_PATHS = "\"TapSudoku/Preview Content\"";
				DEVELOPMENT_TEAM = 55AT6EYVPW;
				ENABLE_PREVIEWS = YES;
				GENERATE_INFOPLIST_FILE = YES;
				INFOPLIST_KEY_UIApplicationSceneManifest_Generation = YES;
				INFOPLIST_KEY_UIApplicationSupportsIndirectInputEvents = YES;
				INFOPLIST_KEY_UILaunchScreen_Generation = YES;
				INFOPLIST_KEY_UISupportedInterfaceOrientations = UIInterfaceOrientationPortrait;
				LD_RUNPATH_SEARCH_PATHS = (
					"$(inherited)",
					"@executable_path/Frameworks",
				);
				MARKETING_VERSION = 1.0;
				PRODUCT_BUNDLE_IDENTIFIER = com.townsend.TapSudoku;
				PRODUCT_NAME = "$(TARGET_NAME)";
				SWIFT_EMIT_LOC_STRINGS = YES;
				SWIFT_VERSION = 5.0;
				TARGETED_DEVICE_FAMILY = "1,2";
			};
			name = Debug;
		};
		4DAC2DC6294F859C009EC0AA /* Release */ = {
			isa = XCBuildConfiguration;
			buildSettings = {
				ASSETCATALOG_COMPILER_APPICON_NAME = AppIcon;
				ASSETCATALOG_COMPILER_GLOBAL_ACCENT_COLOR_NAME = AccentColor;
				CODE_SIGN_STYLE = Automatic;
				CURRENT_PROJECT_VERSION = 1;
				DEVELOPMENT_ASSET_PATHS = "\"TapSudoku/Preview Content\"";
				DEVELOPMENT_TEAM = 55AT6EYVPW;
				ENABLE_PREVIEWS = YES;
				GENERATE_INFOPLIST_FILE = YES;
				INFOPLIST_KEY_UIApplicationSceneManifest_Generation = YES;
				INFOPLIST_KEY_UIApplicationSupportsIndirectInputEvents = YES;
				INFOPLIST_KEY_UILaunchScreen_Generation = YES;
				INFOPLIST_KEY_UISupportedInterfaceOrientations = UIInterfaceOrientationPortrait;
				LD_RUNPATH_SEARCH_PATHS = (
					"$(inherited)",
					"@executable_path/Frameworks",
				);
				MARKETING_VERSION = 1.0;
				PRODUCT_BUNDLE_IDENTIFIER = com.townsend.TapSudoku;
				PRODUCT_NAME = "$(TARGET_NAME)";
				SWIFT_EMIT_LOC_STRINGS = YES;
				SWIFT_VERSION = 5.0;
				TARGETED_DEVICE_FAMILY = "1,2";
			};
			name = Release;
		};
		4DAC2DC8294F859C009EC0AA /* Debug */ = {
			isa = XCBuildConfiguration;
			buildSettings = {
				ALWAYS_EMBED_SWIFT_STANDARD_LIBRARIES = YES;
				BUNDLE_LOADER = "$(TEST_HOST)";
				CODE_SIGN_STYLE = Automatic;
				CURRENT_PROJECT_VERSION = 1;
				DEVELOPMENT_TEAM = 55AT6EYVPW;
				GENERATE_INFOPLIST_FILE = YES;
				IPHONEOS_DEPLOYMENT_TARGET = 16.2;
				MARKETING_VERSION = 1.0;
				PRODUCT_BUNDLE_IDENTIFIER = com.townsend.TapSudokuTests;
				PRODUCT_NAME = "$(TARGET_NAME)";
				SWIFT_EMIT_LOC_STRINGS = NO;
				SWIFT_VERSION = 5.0;
				TARGETED_DEVICE_FAMILY = "1,2";
				TEST_HOST = "$(BUILT_PRODUCTS_DIR)/TapSudoku.app/$(BUNDLE_EXECUTABLE_FOLDER_PATH)/TapSudoku";
			};
			name = Debug;
		};
		4DAC2DC9294F859C009EC0AA /* Release */ = {
			isa = XCBuildConfiguration;
			buildSettings = {
				ALWAYS_EMBED_SWIFT_STANDARD_LIBRARIES = YES;
				BUNDLE_LOADER = "$(TEST_HOST)";
				CODE_SIGN_STYLE = Automatic;
				CURRENT_PROJECT_VERSION = 1;
				DEVELOPMENT_TEAM = 55AT6EYVPW;
				GENERATE_INFOPLIST_FILE = YES;
				IPHONEOS_DEPLOYMENT_TARGET = 16.2;
				MARKETING_VERSION = 1.0;
				PRODUCT_BUNDLE_IDENTIFIER = com.townsend.TapSudokuTests;
				PRODUCT_NAME = "$(TARGET_NAME)";
				SWIFT_EMIT_LOC_STRINGS = NO;
				SWIFT_VERSION = 5.0;
				TARGETED_DEVICE_FAMILY = "1,2";
				TEST_HOST = "$(BUILT_PRODUCTS_DIR)/TapSudoku.app/$(BUNDLE_EXECUTABLE_FOLDER_PATH)/TapSudoku";
			};
			name = Release;
		};
		4DAC2DCB294F859C009EC0AA /* Debug */ = {
			isa = XCBuildConfiguration;
			buildSettings = {
				ALWAYS_EMBED_SWIFT_STANDARD_LIBRARIES = YES;
				CODE_SIGN_STYLE = Automatic;
				CURRENT_PROJECT_VERSION = 1;
				DEVELOPMENT_TEAM = 55AT6EYVPW;
				GENERATE_INFOPLIST_FILE = YES;
				MARKETING_VERSION = 1.0;
				PRODUCT_BUNDLE_IDENTIFIER = com.townsend.TapSudokuUITests;
				PRODUCT_NAME = "$(TARGET_NAME)";
				SWIFT_EMIT_LOC_STRINGS = NO;
				SWIFT_VERSION = 5.0;
				TARGETED_DEVICE_FAMILY = "1,2";
				TEST_TARGET_NAME = TapSudoku;
			};
			name = Debug;
		};
		4DAC2DCC294F859C009EC0AA /* Release */ = {
			isa = XCBuildConfiguration;
			buildSettings = {
				ALWAYS_EMBED_SWIFT_STANDARD_LIBRARIES = YES;
				CODE_SIGN_STYLE = Automatic;
				CURRENT_PROJECT_VERSION = 1;
				DEVELOPMENT_TEAM = 55AT6EYVPW;
				GENERATE_INFOPLIST_FILE = YES;
				MARKETING_VERSION = 1.0;
				PRODUCT_BUNDLE_IDENTIFIER = com.townsend.TapSudokuUITests;
				PRODUCT_NAME = "$(TARGET_NAME)";
				SWIFT_EMIT_LOC_STRINGS = NO;
				SWIFT_VERSION = 5.0;
				TARGETED_DEVICE_FAMILY = "1,2";
				TEST_TARGET_NAME = TapSudoku;
			};
			name = Release;
		};
/* End XCBuildConfiguration section */

/* Begin XCConfigurationList section */
		4DAC2D9B294F859B009EC0AA /* Build configuration list for PBXProject "TapSudoku" */ = {
			isa = XCConfigurationList;
			buildConfigurations = (
				4DAC2DC2294F859C009EC0AA /* Debug */,
				4DAC2DC3294F859C009EC0AA /* Release */,
			);
			defaultConfigurationIsVisible = 0;
			defaultConfigurationName = Release;
		};
		4DAC2DC4294F859C009EC0AA /* Build configuration list for PBXNativeTarget "TapSudoku" */ = {
			isa = XCConfigurationList;
			buildConfigurations = (
				4DAC2DC5294F859C009EC0AA /* Debug */,
				4DAC2DC6294F859C009EC0AA /* Release */,
			);
			defaultConfigurationIsVisible = 0;
			defaultConfigurationName = Release;
		};
		4DAC2DC7294F859C009EC0AA /* Build configuration list for PBXNativeTarget "TapSudokuTests" */ = {
			isa = XCConfigurationList;
			buildConfigurations = (
				4DAC2DC8294F859C009EC0AA /* Debug */,
				4DAC2DC9294F859C009EC0AA /* Release */,
			);
			defaultConfigurationIsVisible = 0;
			defaultConfigurationName = Release;
		};
		4DAC2DCA294F859C009EC0AA /* Build configuration list for PBXNativeTarget "TapSudokuUITests" */ = {
			isa = XCConfigurationList;
			buildConfigurations = (
				4DAC2DCB294F859C009EC0AA /* Debug */,
				4DAC2DCC294F859C009EC0AA /* Release */,
			);
			defaultConfigurationIsVisible = 0;
			defaultConfigurationName = Release;
		};
/* End XCConfigurationList section */
	};
	rootObject = 4DAC2D98294F859B009EC0AA /* Project object */;
}
